
Microsoft Visual Studio Solution File, Format Version 12.00
# Visual Studio Version 16
VisualStudioVersion = 16.0.31229.75
MinimumVisualStudioVersion = 10.0.40219.1
Project("{FAE04EC0-301F-11D3-BF4B-00C04F79EFBC}") = "ProjectTower", "ProjectTower\ProjectTower.csproj", "{2DFEC479-AAD7-4794-B08C-A667810E91A4}"
EndProject
Project("{9A19103F-16F7-4668-BE54-9A1E7A4F7556}") = "HonasGame", "HonasGame\HonasGame\HonasGame.csproj", "{4052D32C-997F-45E7-BD76-7B3A90F5FED4}"
EndProject
Global
	GlobalSection(SolutionConfigurationPlatforms) = preSolution
		Debug|Any CPU = Debug|Any CPU
		Release|Any CPU = Release|Any CPU
	EndGlobalSection
	GlobalSection(ProjectConfigurationPlatforms) = postSolution
		{2DFEC479-AAD7-4794-B08C-A667810E91A4}.Debug|Any CPU.ActiveCfg = Debug|Any CPU
		{2DFEC479-AAD7-4794-B08C-A667810E91A4}.Debug|Any CPU.Build.0 = Debug|Any CPU
		{2DFEC479-AAD7-4794-B08C-A667810E91A4}.Release|Any CPU.ActiveCfg = Release|Any CPU
		{2DFEC479-AAD7-4794-B08C-A667810E91A4}.Release|Any CPU.Build.0 = Release|Any CPU
		{4052D32C-997F-45E7-BD76-7B3A90F5FED4}.Debug|Any CPU.ActiveCfg = Debug|Any CPU
		{4052D32C-997F-45E7-BD76-7B3A90F5FED4}.Debug|Any CPU.Build.0 = Debug|Any CPU
		{4052D32C-997F-45E7-BD76-7B3A90F5FED4}.Release|Any CPU.ActiveCfg = Release|Any CPU
		{4052D32C-997F-45E7-BD76-7B3A90F5FED4}.Release|Any CPU.Build.0 = Release|Any CPU
	EndGlobalSection
	GlobalSection(SolutionProperties) = preSolution
		HideSolutionNode = FALSE
	EndGlobalSection
	GlobalSection(ExtensibilityGlobals) = postSolution
		SolutionGuid = {9DF55C5F-DD2C-410E-BE13-44D015F91119}
	EndGlobalSection
EndGlobal
